{
  "version": 4,
  "terraform_version": "1.0.0",
  "serial": 150,
  "lineage": "f67aa77a-9dad-2834-5f08-30b49f2cd4a8",
  "outputs": {
    "instance_public_ip": {
      "value": "3.68.172.134",
      "type": "string"
    }
  },
  "resources": [
    {
      "mode": "data",
      "type": "aws_ami",
      "name": "amazon_linux_2",
      "provider": "provider[\"registry.terraform.io/hashicorp/aws\"]",
      "instances": [
        {
          "schema_version": 0,
          "attributes": {
            "architecture": "x86_64",
            "arn": "arn:aws:ec2:eu-central-1::image/ami-00f22f6155d6d92c5",
            "block_device_mappings": [
              {
                "device_name": "/dev/xvda",
                "ebs": {
                  "delete_on_termination": "true",
                  "encrypted": "false",
                  "iops": "0",
                  "snapshot_id": "snap-0ae7fb19351e2c399",
                  "throughput": "0",
                  "volume_size": "8",
                  "volume_type": "gp2"
                },
                "no_device": "",
                "virtual_name": ""
              }
            ],
            "creation_date": "2021-07-07T06:40:13.000Z",
            "description": "Amazon Linux 2 AMI 2.0.20210701.0 x86_64 HVM gp2",
            "ena_support": true,
            "executable_users": null,
            "filter": [
              {
                "name": "name",
                "values": [
                  "amzn2-ami-hvm*"
                ]
              },
              {
                "name": "root-device-type",
                "values": [
                  "ebs"
                ]
              },
              {
                "name": "virtualization-type",
                "values": [
                  "hvm"
                ]
              }
            ],
            "hypervisor": "xen",
            "id": "ami-00f22f6155d6d92c5",
            "image_id": "ami-00f22f6155d6d92c5",
            "image_location": "amazon/amzn2-ami-hvm-2.0.20210701.0-x86_64-gp2",
            "image_owner_alias": "amazon",
            "image_type": "machine",
            "kernel_id": null,
            "most_recent": true,
            "name": "amzn2-ami-hvm-2.0.20210701.0-x86_64-gp2",
            "name_regex": null,
            "owner_id": "137112412989",
            "owners": [
              "amazon"
            ],
            "platform": null,
            "platform_details": "Linux/UNIX",
            "product_codes": [],
            "public": true,
            "ramdisk_id": null,
            "root_device_name": "/dev/xvda",
            "root_device_type": "ebs",
            "root_snapshot_id": "snap-0ae7fb19351e2c399",
            "sriov_net_support": "simple",
            "state": "available",
            "state_reason": {
              "code": "UNSET",
              "message": "UNSET"
            },
            "tags": {},
            "usage_operation": "RunInstances",
            "virtualization_type": "hvm"
          },
          "sensitive_attributes": []
        }
      ]
    },
    {
      "mode": "managed",
      "type": "aws_eip",
      "name": "assign_eip",
      "provider": "provider[\"registry.terraform.io/hashicorp/aws\"]",
      "instances": [
        {
          "schema_version": 0,
          "attributes": {
            "address": null,
            "allocation_id": null,
            "associate_with_private_ip": null,
            "association_id": "eipassoc-091fde23a9a015290",
            "carrier_ip": "",
            "customer_owned_ip": "",
            "customer_owned_ipv4_pool": "",
            "domain": "vpc",
            "id": "eipalloc-82884cb2",
            "instance": "i-07a759c1a43c3ed0b",
            "network_border_group": "eu-central-1",
            "network_interface": "eni-0f75e09bc66f87a54",
            "private_dns": "ip-192-168-20-22.eu-central-1.compute.internal",
            "private_ip": "192.168.20.22",
            "public_dns": "ec2-3-68-172-134.eu-central-1.compute.amazonaws.com",
            "public_ip": "3.68.172.134",
            "public_ipv4_pool": "amazon",
            "tags": {
              "Name": "Tigran_hambardzumyan",
              "ResourceName": "Tigran_hambardzumyan"
            },
            "tags_all": {
              "Name": "Tigran_hambardzumyan",
              "ResourceName": "Tigran_hambardzumyan"
            },
            "timeouts": null,
            "vpc": true
          },
          "sensitive_attributes": [],
          "private": "eyJlMmJmYjczMC1lY2FhLTExZTYtOGY4OC0zNDM2M2JjN2M0YzAiOnsiZGVsZXRlIjoxODAwMDAwMDAwMDAsInJlYWQiOjkwMDAwMDAwMDAwMCwidXBkYXRlIjozMDAwMDAwMDAwMDB9fQ==",
          "dependencies": [
            "aws_security_group.jager_sg",
            "aws_subnet.jager_subnet",
            "aws_vpc.jager_vpc",
            "data.aws_ami.amazon_linux_2",
            "aws_instance.jager",
            "aws_key_pair.jager_ssh_key"
          ]
        }
      ]
    },
    {
      "mode": "managed",
      "type": "aws_instance",
      "name": "jager",
      "provider": "provider[\"registry.terraform.io/hashicorp/aws\"]",
      "instances": [
        {
          "schema_version": 1,
          "attributes": {
            "ami": "ami-00f22f6155d6d92c5",
            "arn": "arn:aws:ec2:eu-central-1:482720962971:instance/i-07a759c1a43c3ed0b",
            "associate_public_ip_address": true,
            "availability_zone": "eu-central-1c",
            "capacity_reservation_specification": [
              {
                "capacity_reservation_preference": "open",
                "capacity_reservation_target": []
              }
            ],
            "cpu_core_count": 1,
            "cpu_threads_per_core": 1,
            "credit_specification": [
              {
                "cpu_credits": "standard"
              }
            ],
            "disable_api_termination": false,
            "ebs_block_device": [],
            "ebs_optimized": false,
            "enclave_options": [
              {
                "enabled": false
              }
            ],
            "ephemeral_block_device": [],
            "get_password_data": false,
            "hibernation": false,
            "host_id": null,
            "iam_instance_profile": "",
            "id": "i-07a759c1a43c3ed0b",
            "instance_initiated_shutdown_behavior": "stop",
            "instance_state": "running",
            "instance_type": "t2.micro",
            "ipv6_address_count": 0,
            "ipv6_addresses": [],
            "key_name": "New",
            "metadata_options": [
              {
                "http_endpoint": "enabled",
                "http_put_response_hop_limit": 1,
                "http_tokens": "optional"
              }
            ],
            "monitoring": false,
            "network_interface": [],
            "outpost_arn": "",
            "password_data": "",
            "placement_group": "",
            "primary_network_interface_id": "eni-0f75e09bc66f87a54",
            "private_dns": "ip-192-168-20-22.eu-central-1.compute.internal",
            "private_ip": "192.168.20.22",
            "public_dns": "",
            "public_ip": "3.68.172.134",
            "root_block_device": [
              {
                "delete_on_termination": true,
                "device_name": "/dev/xvda",
                "encrypted": false,
                "iops": 100,
                "kms_key_id": "",
                "tags": {},
                "throughput": 0,
                "volume_id": "vol-0b351f33819c0855f",
                "volume_size": 8,
                "volume_type": "gp2"
              }
            ],
            "secondary_private_ips": [],
            "security_groups": [],
            "source_dest_check": true,
            "subnet_id": "subnet-0707388b4c73ab68c",
            "tags": {
              "Name": "Tigran_hambardzumyan",
              "ResourceName": "Tigran_hambardzumyan"
            },
            "tags_all": {
              "Name": "Tigran_hambardzumyan",
              "ResourceName": "Tigran_hambardzumyan"
            },
            "tenancy": "default",
            "timeouts": null,
            "user_data": null,
            "user_data_base64": null,
            "volume_tags": null,
            "vpc_security_group_ids": [
              "sg-012a222dc15fb8907"
            ]
          },
          "sensitive_attributes": [],
          "private": "eyJlMmJmYjczMC1lY2FhLTExZTYtOGY4OC0zNDM2M2JjN2M0YzAiOnsiY3JlYXRlIjo2MDAwMDAwMDAwMDAsImRlbGV0ZSI6MTIwMDAwMDAwMDAwMCwidXBkYXRlIjo2MDAwMDAwMDAwMDB9LCJzY2hlbWFfdmVyc2lvbiI6IjEifQ==",
          "dependencies": [
            "aws_vpc.jager_vpc",
            "data.aws_ami.amazon_linux_2",
            "aws_key_pair.jager_ssh_key",
            "aws_security_group.jager_sg",
            "aws_subnet.jager_subnet"
          ]
        }
      ]
    },
    {
      "mode": "managed",
      "type": "aws_internet_gateway",
      "name": "jager_gateway",
      "provider": "provider[\"registry.terraform.io/hashicorp/aws\"]",
      "instances": [
        {
          "schema_version": 0,
          "attributes": {
            "arn": "arn:aws:ec2:eu-central-1:482720962971:internet-gateway/igw-007b937c5dde01c7b",
            "id": "igw-007b937c5dde01c7b",
            "owner_id": "482720962971",
            "tags": {
              "Name": "Tigran_hambardzumyan",
              "ResourceName": "Tigran_hambardzumyan"
            },
            "tags_all": {
              "Name": "Tigran_hambardzumyan",
              "ResourceName": "Tigran_hambardzumyan"
            },
            "vpc_id": "vpc-0108ee1a1fffdd832"
          },
          "sensitive_attributes": [],
          "private": "bnVsbA==",
          "dependencies": [
            "aws_vpc.jager_vpc"
          ]
        }
      ]
    },
    {
      "mode": "managed",
      "type": "aws_key_pair",
      "name": "jager_ssh_key",
      "provider": "provider[\"registry.terraform.io/hashicorp/aws\"]",
      "instances": [
        {
          "schema_version": 1,
          "attributes": {
            "arn": "arn:aws:ec2:eu-central-1:482720962971:key-pair/New",
            "fingerprint": "55:e0:e8:c1:b2:1d:74:13:5b:1b:26:8e:d6:a5:13:e4",
            "id": "New",
            "key_name": "New",
            "key_name_prefix": null,
            "key_pair_id": "key-062974104c7dad52e",
            "public_key": "ssh-rsa AAAAB3NzaC1yc2EAAAADAQABAAACAQCHmbeiKS6IAWXY9nZcNyhtOrQIluju7LzK+ybpkBJPqDSrX1h9UUIejn80X1E3Jpr0yiGMp+1rNlxucfGhVjFpmZ1x1WYgFSKMVnApeA5xyKlZAbf0yoiRNSiWj/ostyaYi2HArhwXxwyFgQkY1RuqFflVpu/P56OMNgAhJoQttKMqsh4CuLj7YZGIJ0O3x96B6t9rPsG08QsCheD7fPshJutvfI/+KxGBtHnXD8gCw9Nakq3Ex6eVL1qtXMHAKcl3/cBfEkdQgXcbT63A0nPebn+pap62ibxP7oZgpF6I2ju1TUgk9JimT3hr5kIp5vy0RVHP2r1atNr3j8FdVYRC2GiGkx8KgoT0PB+q/e1v8yFpti3inLxdBkhd5KOpPGMiH8NyJhJCcqu1x75tGYVbe+eypIpJf8zbfJYVigj88HSegtGawD5IQm0hWkz+3QZ8qhh6Nlw5sU+m6VY0lxRTWkiA/nctxOhGhYCelEXLQGqdqMhGTDYoS4OMEDZL2L0FnZuDsh5Q9x1K2pQi0wkxqUWHDeErEtNnrckfZqTDpJ69PIF5xXZMI5baEvWpY2yb9MBwuX9o60eC6q0wmE2n1LilnV8Y5eekbMbLbMvtO93Ef8fAErDQ5ztHg+BUAQR8I4TWMxhLtB+EHWJkk9aeok8gYgH8YKL3YT3nYk2JxQ==",
            "tags": {},
            "tags_all": {}
          },
          "sensitive_attributes": [],
          "private": "eyJzY2hlbWFfdmVyc2lvbiI6IjEifQ=="
        }
      ]
    },
    {
      "mode": "managed",
      "type": "aws_route_table",
      "name": "jager_route_table",
      "provider": "provider[\"registry.terraform.io/hashicorp/aws\"]",
      "instances": [
        {
          "schema_version": 0,
          "attributes": {
            "arn": "arn:aws:ec2:eu-central-1:482720962971:route-table/rtb-073985bf1275ff9f1",
            "id": "rtb-073985bf1275ff9f1",
            "owner_id": "482720962971",
            "propagating_vgws": [],
            "route": [
              {
                "carrier_gateway_id": "",
                "cidr_block": "0.0.0.0/0",
                "destination_prefix_list_id": "",
                "egress_only_gateway_id": "",
                "gateway_id": "igw-007b937c5dde01c7b",
                "instance_id": "",
                "ipv6_cidr_block": "",
                "local_gateway_id": "",
                "nat_gateway_id": "",
                "network_interface_id": "",
                "transit_gateway_id": "",
                "vpc_endpoint_id": "",
                "vpc_peering_connection_id": ""
              }
            ],
            "tags": {
              "Name": "Tigran_hambardzumyan",
              "ResourceName": "Tigran_hambardzumyan"
            },
            "tags_all": {
              "Name": "Tigran_hambardzumyan",
              "ResourceName": "Tigran_hambardzumyan"
            },
            "vpc_id": "vpc-0108ee1a1fffdd832"
          },
          "sensitive_attributes": [],
          "private": "bnVsbA==",
          "dependencies": [
            "aws_internet_gateway.jager_gateway",
            "aws_vpc.jager_vpc"
          ]
        }
      ]
    },
    {
      "mode": "managed",
      "type": "aws_route_table_association",
      "name": "table_associate",
      "provider": "provider[\"registry.terraform.io/hashicorp/aws\"]",
      "instances": [
        {
          "schema_version": 0,
          "attributes": {
            "gateway_id": "",
            "id": "rtbassoc-0faba583f48710aec",
            "route_table_id": "rtb-073985bf1275ff9f1",
            "subnet_id": "subnet-0707388b4c73ab68c"
          },
          "sensitive_attributes": [],
          "private": "bnVsbA==",
          "dependencies": [
            "aws_route_table.jager_route_table",
            "aws_subnet.jager_subnet",
            "aws_vpc.jager_vpc",
            "aws_internet_gateway.jager_gateway"
          ]
        }
      ]
    },
    {
      "mode": "managed",
      "type": "aws_security_group",
      "name": "jager_sg",
      "provider": "provider[\"registry.terraform.io/hashicorp/aws\"]",
      "instances": [
        {
          "schema_version": 1,
          "attributes": {
            "arn": "arn:aws:ec2:eu-central-1:482720962971:security-group/sg-012a222dc15fb8907",
            "description": "Allow all inbound traffic",
            "egress": [
              {
                "cidr_blocks": [
                  "0.0.0.0/0"
                ],
                "description": "",
                "from_port": 0,
                "ipv6_cidr_blocks": [],
                "prefix_list_ids": [],
                "protocol": "-1",
                "security_groups": [],
                "self": false,
                "to_port": 0
              }
            ],
            "id": "sg-012a222dc15fb8907",
            "ingress": [
              {
                "cidr_blocks": [
                  "0.0.0.0/0"
                ],
                "description": "Allow SSH access to the Instance",
                "from_port": 22,
                "ipv6_cidr_blocks": [],
                "prefix_list_ids": [],
                "protocol": "tcp",
                "security_groups": [],
                "self": false,
                "to_port": 22
              },
              {
                "cidr_blocks": [
                  "0.0.0.0/0"
                ],
                "description": "Allow tcp port 3000 access to the Instance",
                "from_port": 3000,
                "ipv6_cidr_blocks": [],
                "prefix_list_ids": [],
                "protocol": "tcp",
                "security_groups": [],
                "self": false,
                "to_port": 3000
              }
            ],
            "name": "allow_all",
            "name_prefix": "",
            "owner_id": "482720962971",
            "revoke_rules_on_delete": false,
            "tags": {
              "Name": "Tigran_hambardzumyan",
              "ResourceName": "Tigran_hambardzumyan"
            },
            "tags_all": {
              "Name": "Tigran_hambardzumyan",
              "ResourceName": "Tigran_hambardzumyan"
            },
            "timeouts": null,
            "vpc_id": "vpc-0108ee1a1fffdd832"
          },
          "sensitive_attributes": [],
          "private": "eyJlMmJmYjczMC1lY2FhLTExZTYtOGY4OC0zNDM2M2JjN2M0YzAiOnsiY3JlYXRlIjo2MDAwMDAwMDAwMDAsImRlbGV0ZSI6OTAwMDAwMDAwMDAwfSwic2NoZW1hX3ZlcnNpb24iOiIxIn0=",
          "dependencies": [
            "aws_vpc.jager_vpc"
          ]
        }
      ]
    },
    {
      "mode": "managed",
      "type": "aws_subnet",
      "name": "jager_subnet",
      "provider": "provider[\"registry.terraform.io/hashicorp/aws\"]",
      "instances": [
        {
          "schema_version": 1,
          "attributes": {
            "arn": "arn:aws:ec2:eu-central-1:482720962971:subnet/subnet-0707388b4c73ab68c",
            "assign_ipv6_address_on_creation": false,
            "availability_zone": "eu-central-1c",
            "availability_zone_id": "euc1-az1",
            "cidr_block": "192.168.20.0/25",
            "customer_owned_ipv4_pool": "",
            "id": "subnet-0707388b4c73ab68c",
            "ipv6_cidr_block": "",
            "ipv6_cidr_block_association_id": "",
            "map_customer_owned_ip_on_launch": false,
            "map_public_ip_on_launch": false,
            "outpost_arn": "",
            "owner_id": "482720962971",
            "tags": {
              "Name": "Tigran_hambardzumyan",
              "ResourceName": "Tigran_hambardzumyan"
            },
            "tags_all": {
              "Name": "Tigran_hambardzumyan",
              "ResourceName": "Tigran_hambardzumyan"
            },
            "timeouts": null,
            "vpc_id": "vpc-0108ee1a1fffdd832"
          },
          "sensitive_attributes": [],
          "private": "eyJlMmJmYjczMC1lY2FhLTExZTYtOGY4OC0zNDM2M2JjN2M0YzAiOnsiY3JlYXRlIjo2MDAwMDAwMDAwMDAsImRlbGV0ZSI6MTIwMDAwMDAwMDAwMH0sInNjaGVtYV92ZXJzaW9uIjoiMSJ9",
          "dependencies": [
            "aws_vpc.jager_vpc"
          ]
        }
      ]
    },
    {
      "mode": "managed",
      "type": "aws_vpc",
      "name": "jager_vpc",
      "provider": "provider[\"registry.terraform.io/hashicorp/aws\"]",
      "instances": [
        {
          "schema_version": 1,
          "attributes": {
            "arn": "arn:aws:ec2:eu-central-1:482720962971:vpc/vpc-0108ee1a1fffdd832",
            "assign_generated_ipv6_cidr_block": false,
            "cidr_block": "192.168.20.0/24",
            "default_network_acl_id": "acl-0551da9481748f9c8",
            "default_route_table_id": "rtb-0a63ca80ad20c7a04",
            "default_security_group_id": "sg-0df8a4ed1ade1aed1",
            "dhcp_options_id": "dopt-ac5fcac6",
            "enable_classiclink": null,
            "enable_classiclink_dns_support": null,
            "enable_dns_hostnames": false,
            "enable_dns_support": true,
            "id": "vpc-0108ee1a1fffdd832",
            "instance_tenancy": "default",
            "ipv6_association_id": "",
            "ipv6_cidr_block": "",
            "main_route_table_id": "rtb-0a63ca80ad20c7a04",
            "owner_id": "482720962971",
            "tags": {
              "Name": "Tigran_hambardzumyan",
              "ResourceName": "Tigran_hambardzumyan"
            },
            "tags_all": {
              "Name": "Tigran_hambardzumyan",
              "ResourceName": "Tigran_hambardzumyan"
            }
          },
          "sensitive_attributes": [],
          "private": "eyJzY2hlbWFfdmVyc2lvbiI6IjEifQ=="
        }
      ]
    },
    {
      "mode": "managed",
      "type": "local_file",
      "name": "inventory",
      "provider": "provider[\"registry.terraform.io/hashicorp/local\"]",
      "instances": [
        {
          "schema_version": 0,
          "attributes": {
            "content": "ec2 ansible_connection=ssh ansible_port=22 ansible_user=ec2-user ansible_ssh_host=3.68.172.134 ansible_private_key_file=key.pem\n",
            "content_base64": null,
            "directory_permission": "0777",
            "file_permission": "0777",
            "filename": "inventory",
            "id": "04aeab09dfb74c49c79851a297991291bc1b2cb6",
            "sensitive_content": null,
            "source": null
          },
          "sensitive_attributes": [],
          "private": "bnVsbA==",
          "dependencies": [
            "aws_instance.jager"
          ]
        }
      ]
    },
    {
      "mode": "managed",
      "type": "null_resource",
      "name": "run_ansible",
      "provider": "provider[\"registry.terraform.io/hashicorp/null\"]",
      "instances": [
        {
          "status": "tainted",
          "schema_version": 0,
          "attributes": {
            "id": "2762714441511482598",
            "triggers": null
          },
          "sensitive_attributes": [],
          "private": "bnVsbA==",
          "dependencies": [
            "aws_instance.jager"
          ]
        }
      ]
    }
  ]
}
